
Microsoft Visual Studio Solution File, Format Version 12.00
# Visual Studio Version 16
VisualStudioVersion = 16.0.32106.194
MinimumVisualStudioVersion = 10.0.40219.1
Project("{9A19103F-16F7-4668-BE54-9A1E7A4F7556}") = "WebApplication", "WebApplication\WebApplication.csproj", "{AAFD837B-1CEA-47BA-9B2A-EC56E17D4FC2}"
EndProject
Project("{FAE04EC0-301F-11D3-BF4B-00C04F79EFBC}") = "Core", "Core\Core.csproj", "{F90F4A8D-0C07-4C65-81FC-E9C9285E7A34}"
EndProject
Global
	GlobalSection(SolutionConfigurationPlatforms) = preSolution
		Debug|Any CPU = Debug|Any CPU
		Release|Any CPU = Release|Any CPU
	EndGlobalSection
	GlobalSection(ProjectConfigurationPlatforms) = postSolution
		{AAFD837B-1CEA-47BA-9B2A-EC56E17D4FC2}.Debug|Any CPU.ActiveCfg = Debug|Any CPU
		{AAFD837B-1CEA-47BA-9B2A-EC56E17D4FC2}.Debug|Any CPU.Build.0 = Debug|Any CPU
		{AAFD837B-1CEA-47BA-9B2A-EC56E17D4FC2}.Release|Any CPU.ActiveCfg = Release|Any CPU
		{AAFD837B-1CEA-47BA-9B2A-EC56E17D4FC2}.Release|Any CPU.Build.0 = Release|Any CPU
		{F90F4A8D-0C07-4C65-81FC-E9C9285E7A34}.Debug|Any CPU.ActiveCfg = Debug|Any CPU
		{F90F4A8D-0C07-4C65-81FC-E9C9285E7A34}.Debug|Any CPU.Build.0 = Debug|Any CPU
		{F90F4A8D-0C07-4C65-81FC-E9C9285E7A34}.Release|Any CPU.ActiveCfg = Release|Any CPU
		{F90F4A8D-0C07-4C65-81FC-E9C9285E7A34}.Release|Any CPU.Build.0 = Release|Any CPU
	EndGlobalSection
	GlobalSection(SolutionProperties) = preSolution
		HideSolutionNode = FALSE
	EndGlobalSection
	GlobalSection(ExtensibilityGlobals) = postSolution
		SolutionGuid = {81258138-25A4-4323-AE57-14954B5783D0}
	EndGlobalSection
EndGlobal
